{
  "name": "evmmax-poseidon",
  "version": "1.0.0",
  "lockfileVersion": 3,
  "requires": true,
  "packages": {
    "": {
      "name": "evmmax-poseidon",
      "version": "1.0.0",
      "license": "ISC",
      "dependencies": {
        "randomf": "^0.0.3"
      }
    },
    "node_modules/randomf": {
      "version": "0.0.3",
      "resolved": "https://registry.npmjs.org/randomf/-/randomf-0.0.3.tgz",
      "integrity": "sha512-hcZAFZNPZ3YeNpYLkC3MYjVedW4Hb4I0OhQdEHRd/UdDM8roGRH1vCtt8/UTaIHy4VKPLh6kfzS9ljzlMD2Y2Q=="
    }
  }
}
